
Microsoft Visual Studio Solution File, Format Version 12.00
# Visual Studio Version 17
VisualStudioVersion = 17.4.33205.214
MinimumVisualStudioVersion = 10.0.40219.1
Project("{FAE04EC0-301F-11D3-BF4B-00C04F79EFBC}") = "Lab 3 Mourad Al-fadil", "Lab 3 Mourad Al-fadil\Lab 3 Mourad Al-fadil.csproj", "{13254A70-2943-451E-994E-BCB1D1C50C94}"
EndProject
Global
	GlobalSection(SolutionConfigurationPlatforms) = preSolution
		Debug|Any CPU = Debug|Any CPU
		Release|Any CPU = Release|Any CPU
	EndGlobalSection
	GlobalSection(ProjectConfigurationPlatforms) = postSolution
		{13254A70-2943-451E-994E-BCB1D1C50C94}.Debug|Any CPU.ActiveCfg = Debug|Any CPU
		{13254A70-2943-451E-994E-BCB1D1C50C94}.Debug|Any CPU.Build.0 = Debug|Any CPU
		{13254A70-2943-451E-994E-BCB1D1C50C94}.Release|Any CPU.ActiveCfg = Release|Any CPU
		{13254A70-2943-451E-994E-BCB1D1C50C94}.Release|Any CPU.Build.0 = Release|Any CPU
	EndGlobalSection
	GlobalSection(SolutionProperties) = preSolution
		HideSolutionNode = FALSE
	EndGlobalSection
	GlobalSection(ExtensibilityGlobals) = postSolution
		SolutionGuid = {D967C0A2-5305-4407-8A8F-A8655EE7DD47}
	EndGlobalSection
EndGlobal
